
Microsoft Visual Studio Solution File, Format Version 12.00
# Visual Studio Version 16
VisualStudioVersion = 16.0.30717.126
MinimumVisualStudioVersion = 10.0.40219.1
Project("{9A19103F-16F7-4668-BE54-9A1E7A4F7556}") = "Sensors", "Sensors\Sensors.csproj", "{C5A66C77-B250-423A-B23A-FFAB93A54147}"
EndProject
Project("{9A19103F-16F7-4668-BE54-9A1E7A4F7556}") = "Blogging", "Blogging\Blogging.csproj", "{35921FA6-7F20-4445-B83C-F69AC2315D73}"
EndProject
Project("{FAE04EC0-301F-11D3-BF4B-00C04F79EFBC}") = "Shapes", "Shapes\Shapes.csproj", "{4D3EA6D7-8907-41C5-ABBA-3FCC0DC638C4}"
EndProject
Project("{FAE04EC0-301F-11D3-BF4B-00C04F79EFBC}") = "Game", "Game\Game.csproj", "{83D43E77-D85D-423F-8B43-2424C4A5C352}"
EndProject
Project("{FAE04EC0-301F-11D3-BF4B-00C04F79EFBC}") = "Photographer", "Photographer\Photographer.csproj", "{6548663C-0087-41DF-BF48-D79E8A4C5F4A}"
EndProject
Project("{FAE04EC0-301F-11D3-BF4B-00C04F79EFBC}") = "WebApplication_IoC", "WebApplication_IoC\WebApplication_IoC.csproj", "{FAF31FB2-0710-4B90-8FDF-59BF4EA4B69E}"
EndProject
Global
	GlobalSection(SolutionConfigurationPlatforms) = preSolution
		Debug|Any CPU = Debug|Any CPU
		Release|Any CPU = Release|Any CPU
	EndGlobalSection
	GlobalSection(ProjectConfigurationPlatforms) = postSolution
		{C5A66C77-B250-423A-B23A-FFAB93A54147}.Debug|Any CPU.ActiveCfg = Debug|Any CPU
		{C5A66C77-B250-423A-B23A-FFAB93A54147}.Debug|Any CPU.Build.0 = Debug|Any CPU
		{C5A66C77-B250-423A-B23A-FFAB93A54147}.Release|Any CPU.ActiveCfg = Release|Any CPU
		{C5A66C77-B250-423A-B23A-FFAB93A54147}.Release|Any CPU.Build.0 = Release|Any CPU
		{35921FA6-7F20-4445-B83C-F69AC2315D73}.Debug|Any CPU.ActiveCfg = Debug|Any CPU
		{35921FA6-7F20-4445-B83C-F69AC2315D73}.Debug|Any CPU.Build.0 = Debug|Any CPU
		{35921FA6-7F20-4445-B83C-F69AC2315D73}.Release|Any CPU.ActiveCfg = Release|Any CPU
		{35921FA6-7F20-4445-B83C-F69AC2315D73}.Release|Any CPU.Build.0 = Release|Any CPU
		{4D3EA6D7-8907-41C5-ABBA-3FCC0DC638C4}.Debug|Any CPU.ActiveCfg = Debug|Any CPU
		{4D3EA6D7-8907-41C5-ABBA-3FCC0DC638C4}.Debug|Any CPU.Build.0 = Debug|Any CPU
		{4D3EA6D7-8907-41C5-ABBA-3FCC0DC638C4}.Release|Any CPU.ActiveCfg = Release|Any CPU
		{4D3EA6D7-8907-41C5-ABBA-3FCC0DC638C4}.Release|Any CPU.Build.0 = Release|Any CPU
		{83D43E77-D85D-423F-8B43-2424C4A5C352}.Debug|Any CPU.ActiveCfg = Debug|Any CPU
		{83D43E77-D85D-423F-8B43-2424C4A5C352}.Debug|Any CPU.Build.0 = Debug|Any CPU
		{83D43E77-D85D-423F-8B43-2424C4A5C352}.Release|Any CPU.ActiveCfg = Release|Any CPU
		{83D43E77-D85D-423F-8B43-2424C4A5C352}.Release|Any CPU.Build.0 = Release|Any CPU
		{6548663C-0087-41DF-BF48-D79E8A4C5F4A}.Debug|Any CPU.ActiveCfg = Debug|Any CPU
		{6548663C-0087-41DF-BF48-D79E8A4C5F4A}.Debug|Any CPU.Build.0 = Debug|Any CPU
		{6548663C-0087-41DF-BF48-D79E8A4C5F4A}.Release|Any CPU.ActiveCfg = Release|Any CPU
		{6548663C-0087-41DF-BF48-D79E8A4C5F4A}.Release|Any CPU.Build.0 = Release|Any CPU
		{FAF31FB2-0710-4B90-8FDF-59BF4EA4B69E}.Debug|Any CPU.ActiveCfg = Debug|Any CPU
		{FAF31FB2-0710-4B90-8FDF-59BF4EA4B69E}.Debug|Any CPU.Build.0 = Debug|Any CPU
		{FAF31FB2-0710-4B90-8FDF-59BF4EA4B69E}.Release|Any CPU.ActiveCfg = Release|Any CPU
		{FAF31FB2-0710-4B90-8FDF-59BF4EA4B69E}.Release|Any CPU.Build.0 = Release|Any CPU
	EndGlobalSection
	GlobalSection(SolutionProperties) = preSolution
		HideSolutionNode = FALSE
	EndGlobalSection
	GlobalSection(ExtensibilityGlobals) = postSolution
		SolutionGuid = {0A0A51CB-92B9-49D2-86DF-F9BC3067A9B9}
	EndGlobalSection
EndGlobal
